
Microsoft Visual Studio Solution File, Format Version 12.00
# Visual Studio Version 16
VisualStudioVersion = 16.0.28803.452
MinimumVisualStudioVersion = 10.0.40219.1
Project("{FAE04EC0-301F-11D3-BF4B-00C04F79EFBC}") = "TeaBagMaker", "TeaBagMaker.csproj", "{B751DA3A-3CD4-4E82-B754-1B3BEC658BBE}"
EndProject
Global
	GlobalSection(SolutionConfigurationPlatforms) = preSolution
		Debug|Any CPU = Debug|Any CPU
		Release|Any CPU = Release|Any CPU
	EndGlobalSection
	GlobalSection(ProjectConfigurationPlatforms) = postSolution
		{B751DA3A-3CD4-4E82-B754-1B3BEC658BBE}.Debug|Any CPU.ActiveCfg = Debug|Any CPU
		{B751DA3A-3CD4-4E82-B754-1B3BEC658BBE}.Debug|Any CPU.Build.0 = Debug|Any CPU
		{B751DA3A-3CD4-4E82-B754-1B3BEC658BBE}.Release|Any CPU.ActiveCfg = Release|Any CPU
		{B751DA3A-3CD4-4E82-B754-1B3BEC658BBE}.Release|Any CPU.Build.0 = Release|Any CPU
	EndGlobalSection
	GlobalSection(SolutionProperties) = preSolution
		HideSolutionNode = FALSE
	EndGlobalSection
	GlobalSection(ExtensibilityGlobals) = postSolution
		SolutionGuid = {2947CDC6-0ADA-4DB0-BFC0-F6EBA699FD4C}
	EndGlobalSection
EndGlobal
